
Microsoft Visual Studio Solution File, Format Version 12.00
# Visual Studio Version 17
VisualStudioVersion = 17.14.36127.28 d17.14
MinimumVisualStudioVersion = 10.0.40219.1
Project("{FAE04EC0-301F-11D3-BF4B-00C04F79EFBC}") = "WlepPress", "WlepPress\WlepPress.csproj", "{CECC9CA7-D7DD-4501-A373-A8DDCAF9C83A}"
EndProject
Global
	GlobalSection(SolutionConfigurationPlatforms) = preSolution
		Debug|Any CPU = Debug|Any CPU
		Release|Any CPU = Release|Any CPU
	EndGlobalSection
	GlobalSection(ProjectConfigurationPlatforms) = postSolution
		{CECC9CA7-D7DD-4501-A373-A8DDCAF9C83A}.Debug|Any CPU.ActiveCfg = Debug|Any CPU
		{CECC9CA7-D7DD-4501-A373-A8DDCAF9C83A}.Debug|Any CPU.Build.0 = Debug|Any CPU
		{CECC9CA7-D7DD-4501-A373-A8DDCAF9C83A}.Release|Any CPU.ActiveCfg = Release|Any CPU
		{CECC9CA7-D7DD-4501-A373-A8DDCAF9C83A}.Release|Any CPU.Build.0 = Release|Any CPU
	EndGlobalSection
	GlobalSection(SolutionProperties) = preSolution
		HideSolutionNode = FALSE
	EndGlobalSection
	GlobalSection(ExtensibilityGlobals) = postSolution
		SolutionGuid = {3589EA7E-2E44-42BD-8DB1-59AD5258440E}
	EndGlobalSection
EndGlobal
